
Microsoft Visual Studio Solution File, Format Version 12.00
# Visual Studio 15
VisualStudioVersion = 15.0.28307.168
MinimumVisualStudioVersion = 10.0.40219.1
Project("{FAE04EC0-301F-11D3-BF4B-00C04F79EFBC}") = "TeamPowered", "TeamPowered\TeamPowered.csproj", "{21A18D27-9119-4196-91D4-188BFBE35EA2}"
EndProject
Global
	GlobalSection(SolutionConfigurationPlatforms) = preSolution
		Debug|Any CPU = Debug|Any CPU
		Release|Any CPU = Release|Any CPU
	EndGlobalSection
	GlobalSection(ProjectConfigurationPlatforms) = postSolution
		{21A18D27-9119-4196-91D4-188BFBE35EA2}.Debug|Any CPU.ActiveCfg = Debug|Any CPU
		{21A18D27-9119-4196-91D4-188BFBE35EA2}.Debug|Any CPU.Build.0 = Debug|Any CPU
		{21A18D27-9119-4196-91D4-188BFBE35EA2}.Release|Any CPU.ActiveCfg = Release|Any CPU
		{21A18D27-9119-4196-91D4-188BFBE35EA2}.Release|Any CPU.Build.0 = Release|Any CPU
	EndGlobalSection
	GlobalSection(SolutionProperties) = preSolution
		HideSolutionNode = FALSE
	EndGlobalSection
	GlobalSection(ExtensibilityGlobals) = postSolution
		SolutionGuid = {74E66B20-61BB-40AF-BF53-92AA1E2D42B2}
	EndGlobalSection
EndGlobal
